
Microsoft Visual Studio Solution File, Format Version 12.00
# Visual Studio Version 17
VisualStudioVersion = 17.1.31903.286
MinimumVisualStudioVersion = 10.0.40219.1
Project("{FAE04EC0-301F-11D3-BF4B-00C04F79EFBC}") = "MyJsonObjects", "..\MyJsonObjects\MyJsonObjects\MyJsonObjects.csproj", "{C130F152-82EB-483A-BFBC-476E13D33241}"
EndProject
Project("{FAE04EC0-301F-11D3-BF4B-00C04F79EFBC}") = "MyCryptography", "..\MyCryptography\MyCryptography\MyCryptography.csproj", "{57695373-1C91-4761-B91A-027A0CFFBAA6}"
EndProject
Project("{FAE04EC0-301F-11D3-BF4B-00C04F79EFBC}") = "WindowsFormsApp1", "WindowsFormsApp1\WindowsFormsApp1.csproj", "{AAD22B38-AE78-4F9F-9504-30257845595C}"
EndProject
Global
	GlobalSection(SolutionConfigurationPlatforms) = preSolution
		Debug|Any CPU = Debug|Any CPU
		Release|Any CPU = Release|Any CPU
	EndGlobalSection
	GlobalSection(ProjectConfigurationPlatforms) = postSolution
		{C130F152-82EB-483A-BFBC-476E13D33241}.Debug|Any CPU.ActiveCfg = Debug|Any CPU
		{C130F152-82EB-483A-BFBC-476E13D33241}.Debug|Any CPU.Build.0 = Debug|Any CPU
		{C130F152-82EB-483A-BFBC-476E13D33241}.Release|Any CPU.ActiveCfg = Release|Any CPU
		{C130F152-82EB-483A-BFBC-476E13D33241}.Release|Any CPU.Build.0 = Release|Any CPU
		{57695373-1C91-4761-B91A-027A0CFFBAA6}.Debug|Any CPU.ActiveCfg = Debug|Any CPU
		{57695373-1C91-4761-B91A-027A0CFFBAA6}.Debug|Any CPU.Build.0 = Debug|Any CPU
		{57695373-1C91-4761-B91A-027A0CFFBAA6}.Release|Any CPU.ActiveCfg = Release|Any CPU
		{57695373-1C91-4761-B91A-027A0CFFBAA6}.Release|Any CPU.Build.0 = Release|Any CPU
		{AAD22B38-AE78-4F9F-9504-30257845595C}.Debug|Any CPU.ActiveCfg = Debug|Any CPU
		{AAD22B38-AE78-4F9F-9504-30257845595C}.Debug|Any CPU.Build.0 = Debug|Any CPU
		{AAD22B38-AE78-4F9F-9504-30257845595C}.Release|Any CPU.ActiveCfg = Release|Any CPU
		{AAD22B38-AE78-4F9F-9504-30257845595C}.Release|Any CPU.Build.0 = Release|Any CPU
	EndGlobalSection
	GlobalSection(SolutionProperties) = preSolution
		HideSolutionNode = FALSE
	EndGlobalSection
	GlobalSection(ExtensibilityGlobals) = postSolution
		SolutionGuid = {0678E470-BE7D-466F-AF30-35DC96C8CE10}
	EndGlobalSection
EndGlobal
